// !$*UTF8*$!
{
	archiveVersion = 1;
	classes = {
	};
	objectVersion = 50;
	objects = {

/* Begin PBXBuildFile section */
		589B4318248F31A500831A28 /* UIDevice+Extensions.swift in Sources */ = {isa = PBXBuildFile; fileRef = 589B4317248F31A500831A28 /* UIDevice+Extensions.swift */; };
		58F3A057249D39B100D48F50 /* RestaurantDetailViewController.swift in Sources */ = {isa = PBXBuildFile; fileRef = 58F3A056249D39B100D48F50 /* RestaurantDetailViewController.swift */; };
		58F3A059249D39ED00D48F50 /* RestaurantDetailViewModel.swift in Sources */ = {isa = PBXBuildFile; fileRef = 58F3A058249D39ED00D48F50 /* RestaurantDetailViewModel.swift */; };
		69063DBC24636A5A00136732 /* AppDelegate.swift in Sources */ = {isa = PBXBuildFile; fileRef = 69063DBB24636A5A00136732 /* AppDelegate.swift */; };
		69063DBE24636A5A00136732 /* SceneDelegate.swift in Sources */ = {isa = PBXBuildFile; fileRef = 69063DBD24636A5A00136732 /* SceneDelegate.swift */; };
		69063DC024636A5A00136732 /* HomeViewController.swift in Sources */ = {isa = PBXBuildFile; fileRef = 69063DBF24636A5A00136732 /* HomeViewController.swift */; };
		69063DC624636A5A00136732 /* WhatsToEat.xcdatamodeld in Sources */ = {isa = PBXBuildFile; fileRef = 69063DC424636A5A00136732 /* WhatsToEat.xcdatamodeld */; };
		69063DC824636A5F00136732 /* Assets.xcassets in Resources */ = {isa = PBXBuildFile; fileRef = 69063DC724636A5F00136732 /* Assets.xcassets */; };
		69063DCB24636A5F00136732 /* LaunchScreen.storyboard in Resources */ = {isa = PBXBuildFile; fileRef = 69063DC924636A5F00136732 /* LaunchScreen.storyboard */; };
		69063DD624636A5F00136732 /* WhatsToEatTests.swift in Sources */ = {isa = PBXBuildFile; fileRef = 69063DD524636A5F00136732 /* WhatsToEatTests.swift */; };
		69063DE124636A5F00136732 /* WhatsToEatUITests.swift in Sources */ = {isa = PBXBuildFile; fileRef = 69063DE024636A5F00136732 /* WhatsToEatUITests.swift */; };
		69063DF62463782500136732 /* HomeViewModel.swift in Sources */ = {isa = PBXBuildFile; fileRef = 69063DF52463782500136732 /* HomeViewModel.swift */; };
		69063DF82464D24E00136732 /* SearchView.swift in Sources */ = {isa = PBXBuildFile; fileRef = 69063DF72464D24E00136732 /* SearchView.swift */; };
		69063DFB24665D2400136732 /* YelpAPI.swift in Sources */ = {isa = PBXBuildFile; fileRef = 69063DFA24665D2400136732 /* YelpAPI.swift */; };
		69063DFD24665DD400136732 /* YelpAPIConstants.swift in Sources */ = {isa = PBXBuildFile; fileRef = 69063DFC24665DD400136732 /* YelpAPIConstants.swift */; };
		6912004B24B906CE00C5DFBA /* UIColor+Extensions.swift in Sources */ = {isa = PBXBuildFile; fileRef = 6912004A24B906CE00C5DFBA /* UIColor+Extensions.swift */; };
		695D7F0424A6AA32005E9D83 /* PhotoDetailViewController.swift in Sources */ = {isa = PBXBuildFile; fileRef = 695D7F0324A6AA32005E9D83 /* PhotoDetailViewController.swift */; };
		695D7F0924A6AD65005E9D83 /* SupplementaryImageCollectionViewCell.swift in Sources */ = {isa = PBXBuildFile; fileRef = 695D7F0824A6AD65005E9D83 /* SupplementaryImageCollectionViewCell.swift */; };
		69645F8124A6AE0F001C3C47 /* SupplementaryImageCollectionViewCellViewModel.swift in Sources */ = {isa = PBXBuildFile; fileRef = 69645F8024A6AE0F001C3C47 /* SupplementaryImageCollectionViewCellViewModel.swift */; };
		696563B024A926240012C278 /* String+Extensions.swift in Sources */ = {isa = PBXBuildFile; fileRef = 696563AF24A926240012C278 /* String+Extensions.swift */; };
		696563B224A944880012C278 /* RestaurantDetail.swift in Sources */ = {isa = PBXBuildFile; fileRef = 696563B124A944880012C278 /* RestaurantDetail.swift */; };
		698F0A5324AE8A3F00EFC268 /* MKAnnotation+Restaurant.swift in Sources */ = {isa = PBXBuildFile; fileRef = 698F0A5224AE8A3F00EFC268 /* MKAnnotation+Restaurant.swift */; };
		699E5411247724960065D761 /* UIView+Extensions.swift in Sources */ = {isa = PBXBuildFile; fileRef = 699E5410247724960065D761 /* UIView+Extensions.swift */; };
		699E5413247725310065D761 /* Restaurant.swift in Sources */ = {isa = PBXBuildFile; fileRef = 699E5412247725310065D761 /* Restaurant.swift */; };
		699E5415247CACC60065D761 /* RestaurantListTableViewCell.swift in Sources */ = {isa = PBXBuildFile; fileRef = 699E5414247CACC60065D761 /* RestaurantListTableViewCell.swift */; };
		69D4BAAA247CADF0004D5800 /* RestaurantListTableViewCellViewModel.swift in Sources */ = {isa = PBXBuildFile; fileRef = 69D4BAA9247CADF0004D5800 /* RestaurantListTableViewCellViewModel.swift */; };
		845B403424874C7300FA1E3D /* UIImage+Extensions.swift in Sources */ = {isa = PBXBuildFile; fileRef = 845B403324874C7300FA1E3D /* UIImage+Extensions.swift */; };
		845B4036248848EC00FA1E3D /* ToolbarView.swift in Sources */ = {isa = PBXBuildFile; fileRef = 845B4035248848EC00FA1E3D /* ToolbarView.swift */; };
		845FCFE5248859A100978BE1 /* Images.swift in Sources */ = {isa = PBXBuildFile; fileRef = 845FCFE4248859A100978BE1 /* Images.swift */; };
/* End PBXBuildFile section */

/* Begin PBXContainerItemProxy section */
		69063DD224636A5F00136732 /* PBXContainerItemProxy */ = {
			isa = PBXContainerItemProxy;
			containerPortal = 69063DB024636A5A00136732 /* Project object */;
			proxyType = 1;
			remoteGlobalIDString = 69063DB724636A5A00136732;
			remoteInfo = WhatsToEat;
		};
		69063DDD24636A5F00136732 /* PBXContainerItemProxy */ = {
			isa = PBXContainerItemProxy;
			containerPortal = 69063DB024636A5A00136732 /* Project object */;
			proxyType = 1;
			remoteGlobalIDString = 69063DB724636A5A00136732;
			remoteInfo = WhatsToEat;
		};
/* End PBXContainerItemProxy section */

/* Begin PBXFileReference section */
		589B4317248F31A500831A28 /* UIDevice+Extensions.swift */ = {isa = PBXFileReference; lastKnownFileType = sourcecode.swift; path = "UIDevice+Extensions.swift"; sourceTree = "<group>"; };
		58F3A056249D39B100D48F50 /* RestaurantDetailViewController.swift */ = {isa = PBXFileReference; fileEncoding = 4; lastKnownFileType = sourcecode.swift; path = RestaurantDetailViewController.swift; sourceTree = "<group>"; };
		58F3A058249D39ED00D48F50 /* RestaurantDetailViewModel.swift */ = {isa = PBXFileReference; lastKnownFileType = sourcecode.swift; path = RestaurantDetailViewModel.swift; sourceTree = "<group>"; };
		69063DB824636A5A00136732 /* WhatsToEat.app */ = {isa = PBXFileReference; explicitFileType = wrapper.application; includeInIndex = 0; path = WhatsToEat.app; sourceTree = BUILT_PRODUCTS_DIR; };
		69063DBB24636A5A00136732 /* AppDelegate.swift */ = {isa = PBXFileReference; lastKnownFileType = sourcecode.swift; path = AppDelegate.swift; sourceTree = "<group>"; };
		69063DBD24636A5A00136732 /* SceneDelegate.swift */ = {isa = PBXFileReference; lastKnownFileType = sourcecode.swift; path = SceneDelegate.swift; sourceTree = "<group>"; };
		69063DBF24636A5A00136732 /* HomeViewController.swift */ = {isa = PBXFileReference; lastKnownFileType = sourcecode.swift; path = HomeViewController.swift; sourceTree = "<group>"; };
		69063DC524636A5A00136732 /* WhatsToEat.xcdatamodel */ = {isa = PBXFileReference; lastKnownFileType = wrapper.xcdatamodel; path = WhatsToEat.xcdatamodel; sourceTree = "<group>"; };
		69063DC724636A5F00136732 /* Assets.xcassets */ = {isa = PBXFileReference; lastKnownFileType = folder.assetcatalog; path = Assets.xcassets; sourceTree = "<group>"; };
		69063DCA24636A5F00136732 /* Base */ = {isa = PBXFileReference; lastKnownFileType = file.storyboard; name = Base; path = Base.lproj/LaunchScreen.storyboard; sourceTree = "<group>"; };
		69063DCC24636A5F00136732 /* Info.plist */ = {isa = PBXFileReference; lastKnownFileType = text.plist.xml; path = Info.plist; sourceTree = "<group>"; };
		69063DD124636A5F00136732 /* WhatsToEatTests.xctest */ = {isa = PBXFileReference; explicitFileType = wrapper.cfbundle; includeInIndex = 0; path = WhatsToEatTests.xctest; sourceTree = BUILT_PRODUCTS_DIR; };
		69063DD524636A5F00136732 /* WhatsToEatTests.swift */ = {isa = PBXFileReference; lastKnownFileType = sourcecode.swift; path = WhatsToEatTests.swift; sourceTree = "<group>"; };
		69063DD724636A5F00136732 /* Info.plist */ = {isa = PBXFileReference; lastKnownFileType = text.plist.xml; path = Info.plist; sourceTree = "<group>"; };
		69063DDC24636A5F00136732 /* WhatsToEatUITests.xctest */ = {isa = PBXFileReference; explicitFileType = wrapper.cfbundle; includeInIndex = 0; path = WhatsToEatUITests.xctest; sourceTree = BUILT_PRODUCTS_DIR; };
		69063DE024636A5F00136732 /* WhatsToEatUITests.swift */ = {isa = PBXFileReference; lastKnownFileType = sourcecode.swift; path = WhatsToEatUITests.swift; sourceTree = "<group>"; };
		69063DE224636A5F00136732 /* Info.plist */ = {isa = PBXFileReference; lastKnownFileType = text.plist.xml; path = Info.plist; sourceTree = "<group>"; };
		69063DF52463782500136732 /* HomeViewModel.swift */ = {isa = PBXFileReference; lastKnownFileType = sourcecode.swift; path = HomeViewModel.swift; sourceTree = "<group>"; };
		69063DF72464D24E00136732 /* SearchView.swift */ = {isa = PBXFileReference; lastKnownFileType = sourcecode.swift; path = SearchView.swift; sourceTree = "<group>"; };
		69063DFA24665D2400136732 /* YelpAPI.swift */ = {isa = PBXFileReference; lastKnownFileType = sourcecode.swift; path = YelpAPI.swift; sourceTree = "<group>"; };
		69063DFC24665DD400136732 /* YelpAPIConstants.swift */ = {isa = PBXFileReference; lastKnownFileType = sourcecode.swift; path = YelpAPIConstants.swift; sourceTree = "<group>"; };
		6912004A24B906CE00C5DFBA /* UIColor+Extensions.swift */ = {isa = PBXFileReference; lastKnownFileType = sourcecode.swift; path = "UIColor+Extensions.swift"; sourceTree = "<group>"; };
		695D7F0324A6AA32005E9D83 /* PhotoDetailViewController.swift */ = {isa = PBXFileReference; lastKnownFileType = sourcecode.swift; path = PhotoDetailViewController.swift; sourceTree = "<group>"; };
		695D7F0824A6AD65005E9D83 /* SupplementaryImageCollectionViewCell.swift */ = {isa = PBXFileReference; lastKnownFileType = sourcecode.swift; path = SupplementaryImageCollectionViewCell.swift; sourceTree = "<group>"; };
		69645F8024A6AE0F001C3C47 /* SupplementaryImageCollectionViewCellViewModel.swift */ = {isa = PBXFileReference; lastKnownFileType = sourcecode.swift; path = SupplementaryImageCollectionViewCellViewModel.swift; sourceTree = "<group>"; };
		696563AF24A926240012C278 /* String+Extensions.swift */ = {isa = PBXFileReference; lastKnownFileType = sourcecode.swift; path = "String+Extensions.swift"; sourceTree = "<group>"; };
		696563B124A944880012C278 /* RestaurantDetail.swift */ = {isa = PBXFileReference; lastKnownFileType = sourcecode.swift; path = RestaurantDetail.swift; sourceTree = "<group>"; };
		698F0A5224AE8A3F00EFC268 /* MKAnnotation+Restaurant.swift */ = {isa = PBXFileReference; lastKnownFileType = sourcecode.swift; path = "MKAnnotation+Restaurant.swift"; sourceTree = "<group>"; };
		699E5410247724960065D761 /* UIView+Extensions.swift */ = {isa = PBXFileReference; lastKnownFileType = sourcecode.swift; path = "UIView+Extensions.swift"; sourceTree = "<group>"; };
		699E5412247725310065D761 /* Restaurant.swift */ = {isa = PBXFileReference; lastKnownFileType = sourcecode.swift; path = Restaurant.swift; sourceTree = "<group>"; };
		699E5414247CACC60065D761 /* RestaurantListTableViewCell.swift */ = {isa = PBXFileReference; lastKnownFileType = sourcecode.swift; path = RestaurantListTableViewCell.swift; sourceTree = "<group>"; };
		69D4BAA9247CADF0004D5800 /* RestaurantListTableViewCellViewModel.swift */ = {isa = PBXFileReference; lastKnownFileType = sourcecode.swift; path = RestaurantListTableViewCellViewModel.swift; sourceTree = "<group>"; };
		845B403324874C7300FA1E3D /* UIImage+Extensions.swift */ = {isa = PBXFileReference; lastKnownFileType = sourcecode.swift; path = "UIImage+Extensions.swift"; sourceTree = "<group>"; };
		845B4035248848EC00FA1E3D /* ToolbarView.swift */ = {isa = PBXFileReference; lastKnownFileType = sourcecode.swift; path = ToolbarView.swift; sourceTree = "<group>"; };
		845FCFE4248859A100978BE1 /* Images.swift */ = {isa = PBXFileReference; lastKnownFileType = sourcecode.swift; path = Images.swift; sourceTree = "<group>"; };
/* End PBXFileReference section */

/* Begin PBXFrameworksBuildPhase section */
		69063DB524636A5A00136732 /* Frameworks */ = {
			isa = PBXFrameworksBuildPhase;
			buildActionMask = 2147483647;
			files = (
			);
			runOnlyForDeploymentPostprocessing = 0;
		};
		69063DCE24636A5F00136732 /* Frameworks */ = {
			isa = PBXFrameworksBuildPhase;
			buildActionMask = 2147483647;
			files = (
			);
			runOnlyForDeploymentPostprocessing = 0;
		};
		69063DD924636A5F00136732 /* Frameworks */ = {
			isa = PBXFrameworksBuildPhase;
			buildActionMask = 2147483647;
			files = (
			);
			runOnlyForDeploymentPostprocessing = 0;
		};
/* End PBXFrameworksBuildPhase section */

/* Begin PBXGroup section */
		69063DAF24636A5A00136732 = {
			isa = PBXGroup;
			children = (
				69063DBA24636A5A00136732 /* WhatsToEat */,
				69063DD424636A5F00136732 /* WhatsToEatTests */,
				69063DDF24636A5F00136732 /* WhatsToEatUITests */,
				69063DB924636A5A00136732 /* Products */,
			);
			sourceTree = "<group>";
		};
		69063DB924636A5A00136732 /* Products */ = {
			isa = PBXGroup;
			children = (
				69063DB824636A5A00136732 /* WhatsToEat.app */,
				69063DD124636A5F00136732 /* WhatsToEatTests.xctest */,
				69063DDC24636A5F00136732 /* WhatsToEatUITests.xctest */,
			);
			name = Products;
			sourceTree = "<group>";
		};
		69063DBA24636A5A00136732 /* WhatsToEat */ = {
			isa = PBXGroup;
			children = (
				69063DEE24636E0300136732 /* Features */,
				69063DF024636E2100136732 /* Utilities */,
				69063DF424636EC400136732 /* Models */,
				69063DF924665D1500136732 /* Networking */,
				69063DC724636A5F00136732 /* Assets.xcassets */,
				69063DCC24636A5F00136732 /* Info.plist */,
				69063DC424636A5A00136732 /* WhatsToEat.xcdatamodeld */,
			);
			path = WhatsToEat;
			sourceTree = "<group>";
		};
		69063DD424636A5F00136732 /* WhatsToEatTests */ = {
			isa = PBXGroup;
			children = (
				69063DD524636A5F00136732 /* WhatsToEatTests.swift */,
				69063DD724636A5F00136732 /* Info.plist */,
			);
			path = WhatsToEatTests;
			sourceTree = "<group>";
		};
		69063DDF24636A5F00136732 /* WhatsToEatUITests */ = {
			isa = PBXGroup;
			children = (
				69063DE024636A5F00136732 /* WhatsToEatUITests.swift */,
				69063DE224636A5F00136732 /* Info.plist */,
			);
			path = WhatsToEatUITests;
			sourceTree = "<group>";
		};
		69063DEE24636E0300136732 /* Features */ = {
			isa = PBXGroup;
			children = (
				69063DBB24636A5A00136732 /* AppDelegate.swift */,
				69063DBD24636A5A00136732 /* SceneDelegate.swift */,
				69063DC924636A5F00136732 /* LaunchScreen.storyboard */,
				69063DF124636E5D00136732 /* Home */,
				69063DF324636E7A00136732 /* RestaurantDetail */,
				69063DF224636E6500136732 /* Settings */,
			);
			path = Features;
			sourceTree = "<group>";
		};
		69063DF024636E2100136732 /* Utilities */ = {
			isa = PBXGroup;
			children = (
				699E5410247724960065D761 /* UIView+Extensions.swift */,
				696563AF24A926240012C278 /* String+Extensions.swift */,
				845B403324874C7300FA1E3D /* UIImage+Extensions.swift */,
				589B4317248F31A500831A28 /* UIDevice+Extensions.swift */,
				6912004A24B906CE00C5DFBA /* UIColor+Extensions.swift */,
				845FCFE4248859A100978BE1 /* Images.swift */,
			);
			path = Utilities;
			sourceTree = "<group>";
		};
		69063DF124636E5D00136732 /* Home */ = {
			isa = PBXGroup;
			children = (
				69063DBF24636A5A00136732 /* HomeViewController.swift */,
				69063DF52463782500136732 /* HomeViewModel.swift */,
				69063DF72464D24E00136732 /* SearchView.swift */,
				845B4035248848EC00FA1E3D /* ToolbarView.swift */,
				699E5416247CACCC0065D761 /* TableViewCells */,
			);
			path = Home;
			sourceTree = "<group>";
		};
		69063DF224636E6500136732 /* Settings */ = {
			isa = PBXGroup;
			children = (
			);
			path = Settings;
			sourceTree = "<group>";
		};
		69063DF324636E7A00136732 /* RestaurantDetail */ = {
			isa = PBXGroup;
			children = (
				58F3A056249D39B100D48F50 /* RestaurantDetailViewController.swift */,
				58F3A058249D39ED00D48F50 /* RestaurantDetailViewModel.swift */,
				695D7F0A24A6AD6F005E9D83 /* CollectionViewCells */,
				695D7F0724A6AA47005E9D83 /* PhotoDetail */,
			);
			path = RestaurantDetail;
			sourceTree = "<group>";
		};
		69063DF424636EC400136732 /* Models */ = {
			isa = PBXGroup;
			children = (
				699E5412247725310065D761 /* Restaurant.swift */,
				698F0A5224AE8A3F00EFC268 /* MKAnnotation+Restaurant.swift */,
				696563B124A944880012C278 /* RestaurantDetail.swift */,
			);
			path = Models;
			sourceTree = "<group>";
		};
		69063DF924665D1500136732 /* Networking */ = {
			isa = PBXGroup;
			children = (
				69063DFA24665D2400136732 /* YelpAPI.swift */,
				69063DFC24665DD400136732 /* YelpAPIConstants.swift */,
			);
			path = Networking;
			sourceTree = "<group>";
		};
		695D7F0724A6AA47005E9D83 /* PhotoDetail */ = {
			isa = PBXGroup;
			children = (
				695D7F0324A6AA32005E9D83 /* PhotoDetailViewController.swift */,
			);
			path = PhotoDetail;
			sourceTree = "<group>";
		};
		695D7F0A24A6AD6F005E9D83 /* CollectionViewCells */ = {
			isa = PBXGroup;
			children = (
				695D7F0824A6AD65005E9D83 /* SupplementaryImageCollectionViewCell.swift */,
				69645F8024A6AE0F001C3C47 /* SupplementaryImageCollectionViewCellViewModel.swift */,
			);
			path = CollectionViewCells;
			sourceTree = "<group>";
		};
		699E5416247CACCC0065D761 /* TableViewCells */ = {
			isa = PBXGroup;
			children = (
				699E5414247CACC60065D761 /* RestaurantListTableViewCell.swift */,
				69D4BAA9247CADF0004D5800 /* RestaurantListTableViewCellViewModel.swift */,
			);
			path = TableViewCells;
			sourceTree = "<group>";
		};
/* End PBXGroup section */

/* Begin PBXNativeTarget section */
		69063DB724636A5A00136732 /* WhatsToEat */ = {
			isa = PBXNativeTarget;
			buildConfigurationList = 69063DE524636A5F00136732 /* Build configuration list for PBXNativeTarget "WhatsToEat" */;
			buildPhases = (
				69063DB424636A5A00136732 /* Sources */,
				69063DB524636A5A00136732 /* Frameworks */,
				69063DB624636A5A00136732 /* Resources */,
			);
			buildRules = (
			);
			dependencies = (
			);
			name = WhatsToEat;
			productName = WhatsToEat;
			productReference = 69063DB824636A5A00136732 /* WhatsToEat.app */;
			productType = "com.apple.product-type.application";
		};
		69063DD024636A5F00136732 /* WhatsToEatTests */ = {
			isa = PBXNativeTarget;
			buildConfigurationList = 69063DE824636A5F00136732 /* Build configuration list for PBXNativeTarget "WhatsToEatTests" */;
			buildPhases = (
				69063DCD24636A5F00136732 /* Sources */,
				69063DCE24636A5F00136732 /* Frameworks */,
				69063DCF24636A5F00136732 /* Resources */,
			);
			buildRules = (
			);
			dependencies = (
				69063DD324636A5F00136732 /* PBXTargetDependency */,
			);
			name = WhatsToEatTests;
			productName = WhatsToEatTests;
			productReference = 69063DD124636A5F00136732 /* WhatsToEatTests.xctest */;
			productType = "com.apple.product-type.bundle.unit-test";
		};
		69063DDB24636A5F00136732 /* WhatsToEatUITests */ = {
			isa = PBXNativeTarget;
			buildConfigurationList = 69063DEB24636A5F00136732 /* Build configuration list for PBXNativeTarget "WhatsToEatUITests" */;
			buildPhases = (
				69063DD824636A5F00136732 /* Sources */,
				69063DD924636A5F00136732 /* Frameworks */,
				69063DDA24636A5F00136732 /* Resources */,
			);
			buildRules = (
			);
			dependencies = (
				69063DDE24636A5F00136732 /* PBXTargetDependency */,
			);
			name = WhatsToEatUITests;
			productName = WhatsToEatUITests;
			productReference = 69063DDC24636A5F00136732 /* WhatsToEatUITests.xctest */;
			productType = "com.apple.product-type.bundle.ui-testing";
		};
/* End PBXNativeTarget section */

/* Begin PBXProject section */
		69063DB024636A5A00136732 /* Project object */ = {
			isa = PBXProject;
			attributes = {
				LastSwiftUpdateCheck = 1140;
				LastUpgradeCheck = 1140;
				ORGANIZATIONNAME = JayGabriel;
				TargetAttributes = {
					69063DB724636A5A00136732 = {
						CreatedOnToolsVersion = 11.4.1;
					};
					69063DD024636A5F00136732 = {
						CreatedOnToolsVersion = 11.4.1;
						TestTargetID = 69063DB724636A5A00136732;
					};
					69063DDB24636A5F00136732 = {
						CreatedOnToolsVersion = 11.4.1;
						TestTargetID = 69063DB724636A5A00136732;
					};
				};
			};
			buildConfigurationList = 69063DB324636A5A00136732 /* Build configuration list for PBXProject "WhatsToEat" */;
			compatibilityVersion = "Xcode 9.3";
			developmentRegion = en;
			hasScannedForEncodings = 0;
			knownRegions = (
				en,
				Base,
			);
			mainGroup = 69063DAF24636A5A00136732;
			productRefGroup = 69063DB924636A5A00136732 /* Products */;
			projectDirPath = "";
			projectRoot = "";
			targets = (
				69063DB724636A5A00136732 /* WhatsToEat */,
				69063DD024636A5F00136732 /* WhatsToEatTests */,
				69063DDB24636A5F00136732 /* WhatsToEatUITests */,
			);
		};
/* End PBXProject section */

/* Begin PBXResourcesBuildPhase section */
		69063DB624636A5A00136732 /* Resources */ = {
			isa = PBXResourcesBuildPhase;
			buildActionMask = 2147483647;
			files = (
				69063DCB24636A5F00136732 /* LaunchScreen.storyboard in Resources */,
				69063DC824636A5F00136732 /* Assets.xcassets in Resources */,
			);
			runOnlyForDeploymentPostprocessing = 0;
		};
		69063DCF24636A5F00136732 /* Resources */ = {
			isa = PBXResourcesBuildPhase;
			buildActionMask = 2147483647;
			files = (
			);
			runOnlyForDeploymentPostprocessing = 0;
		};
		69063DDA24636A5F00136732 /* Resources */ = {
			isa = PBXResourcesBuildPhase;
			buildActionMask = 2147483647;
			files = (
			);
			runOnlyForDeploymentPostprocessing = 0;
		};
/* End PBXResourcesBuildPhase section */

/* Begin PBXSourcesBuildPhase section */
		69063DB424636A5A00136732 /* Sources */ = {
			isa = PBXSourcesBuildPhase;
			buildActionMask = 2147483647;
			files = (
				58F3A059249D39ED00D48F50 /* RestaurantDetailViewModel.swift in Sources */,
				695D7F0424A6AA32005E9D83 /* PhotoDetailViewController.swift in Sources */,
				699E5413247725310065D761 /* Restaurant.swift in Sources */,
				58F3A057249D39B100D48F50 /* RestaurantDetailViewController.swift in Sources */,
				69063DC024636A5A00136732 /* HomeViewController.swift in Sources */,
				69063DBC24636A5A00136732 /* AppDelegate.swift in Sources */,
				69063DFD24665DD400136732 /* YelpAPIConstants.swift in Sources */,
				699E5411247724960065D761 /* UIView+Extensions.swift in Sources */,
				69D4BAAA247CADF0004D5800 /* RestaurantListTableViewCellViewModel.swift in Sources */,
				845B4036248848EC00FA1E3D /* ToolbarView.swift in Sources */,
				845FCFE5248859A100978BE1 /* Images.swift in Sources */,
				6912004B24B906CE00C5DFBA /* UIColor+Extensions.swift in Sources */,
				69645F8124A6AE0F001C3C47 /* SupplementaryImageCollectionViewCellViewModel.swift in Sources */,
				69063DBE24636A5A00136732 /* SceneDelegate.swift in Sources */,
				699E5415247CACC60065D761 /* RestaurantListTableViewCell.swift in Sources */,
				69063DFB24665D2400136732 /* YelpAPI.swift in Sources */,
				698F0A5324AE8A3F00EFC268 /* MKAnnotation+Restaurant.swift in Sources */,
				69063DF62463782500136732 /* HomeViewModel.swift in Sources */,
				845B403424874C7300FA1E3D /* UIImage+Extensions.swift in Sources */,
				589B4318248F31A500831A28 /* UIDevice+Extensions.swift in Sources */,
				696563B024A926240012C278 /* String+Extensions.swift in Sources */,
				69063DF82464D24E00136732 /* SearchView.swift in Sources */,
				696563B224A944880012C278 /* RestaurantDetail.swift in Sources */,
				69063DC624636A5A00136732 /* WhatsToEat.xcdatamodeld in Sources */,
				695D7F0924A6AD65005E9D83 /* SupplementaryImageCollectionViewCell.swift in Sources */,
			);
			runOnlyForDeploymentPostprocessing = 0;
		};
		69063DCD24636A5F00136732 /* Sources */ = {
			isa = PBXSourcesBuildPhase;
			buildActionMask = 2147483647;
			files = (
				69063DD624636A5F00136732 /* WhatsToEatTests.swift in Sources */,
			);
			runOnlyForDeploymentPostprocessing = 0;
		};
		69063DD824636A5F00136732 /* Sources */ = {
			isa = PBXSourcesBuildPhase;
			buildActionMask = 2147483647;
			files = (
				69063DE124636A5F00136732 /* WhatsToEatUITests.swift in Sources */,
			);
			runOnlyForDeploymentPostprocessing = 0;
		};
/* End PBXSourcesBuildPhase section */

/* Begin PBXTargetDependency section */
		69063DD324636A5F00136732 /* PBXTargetDependency */ = {
			isa = PBXTargetDependency;
			target = 69063DB724636A5A00136732 /* WhatsToEat */;
			targetProxy = 69063DD224636A5F00136732 /* PBXContainerItemProxy */;
		};
		69063DDE24636A5F00136732 /* PBXTargetDependency */ = {
			isa = PBXTargetDependency;
			target = 69063DB724636A5A00136732 /* WhatsToEat */;
			targetProxy = 69063DDD24636A5F00136732 /* PBXContainerItemProxy */;
		};
/* End PBXTargetDependency section */

/* Begin PBXVariantGroup section */
		69063DC924636A5F00136732 /* LaunchScreen.storyboard */ = {
			isa = PBXVariantGroup;
			children = (
				69063DCA24636A5F00136732 /* Base */,
			);
			name = LaunchScreen.storyboard;
			sourceTree = "<group>";
		};
/* End PBXVariantGroup section */

/* Begin XCBuildConfiguration section */
		69063DE324636A5F00136732 /* Debug */ = {
			isa = XCBuildConfiguration;
			buildSettings = {
				ALWAYS_SEARCH_USER_PATHS = NO;
				CLANG_ANALYZER_NONNULL = YES;
				CLANG_ANALYZER_NUMBER_OBJECT_CONVERSION = YES_AGGRESSIVE;
				CLANG_CXX_LANGUAGE_STANDARD = "gnu++14";
				CLANG_CXX_LIBRARY = "libc++";
				CLANG_ENABLE_MODULES = YES;
				CLANG_ENABLE_OBJC_ARC = YES;
				CLANG_ENABLE_OBJC_WEAK = YES;
				CLANG_WARN_BLOCK_CAPTURE_AUTORELEASING = YES;
				CLANG_WARN_BOOL_CONVERSION = YES;
				CLANG_WARN_COMMA = YES;
				CLANG_WARN_CONSTANT_CONVERSION = YES;
				CLANG_WARN_DEPRECATED_OBJC_IMPLEMENTATIONS = YES;
				CLANG_WARN_DIRECT_OBJC_ISA_USAGE = YES_ERROR;
				CLANG_WARN_DOCUMENTATION_COMMENTS = YES;
				CLANG_WARN_EMPTY_BODY = YES;
				CLANG_WARN_ENUM_CONVERSION = YES;
				CLANG_WARN_INFINITE_RECURSION = YES;
				CLANG_WARN_INT_CONVERSION = YES;
				CLANG_WARN_NON_LITERAL_NULL_CONVERSION = YES;
				CLANG_WARN_OBJC_IMPLICIT_RETAIN_SELF = YES;
				CLANG_WARN_OBJC_LITERAL_CONVERSION = YES;
				CLANG_WARN_OBJC_ROOT_CLASS = YES_ERROR;
				CLANG_WARN_RANGE_LOOP_ANALYSIS = YES;
				CLANG_WARN_STRICT_PROTOTYPES = YES;
				CLANG_WARN_SUSPICIOUS_MOVE = YES;
				CLANG_WARN_UNGUARDED_AVAILABILITY = YES_AGGRESSIVE;
				CLANG_WARN_UNREACHABLE_CODE = YES;
				CLANG_WARN__DUPLICATE_METHOD_MATCH = YES;
				COPY_PHASE_STRIP = NO;
				DEBUG_INFORMATION_FORMAT = dwarf;
				ENABLE_STRICT_OBJC_MSGSEND = YES;
				ENABLE_TESTABILITY = YES;
				GCC_C_LANGUAGE_STANDARD = gnu11;
				GCC_DYNAMIC_NO_PIC = NO;
				GCC_NO_COMMON_BLOCKS = YES;
				GCC_OPTIMIZATION_LEVEL = 0;
				GCC_PREPROCESSOR_DEFINITIONS = (
					"DEBUG=1",
					"$(inherited)",
				);
				GCC_WARN_64_TO_32_BIT_CONVERSION = YES;
				GCC_WARN_ABOUT_RETURN_TYPE = YES_ERROR;
				GCC_WARN_UNDECLARED_SELECTOR = YES;
				GCC_WARN_UNINITIALIZED_AUTOS = YES_AGGRESSIVE;
				GCC_WARN_UNUSED_FUNCTION = YES;
				GCC_WARN_UNUSED_VARIABLE = YES;
				IPHONEOS_DEPLOYMENT_TARGET = 13.4;
				MTL_ENABLE_DEBUG_INFO = INCLUDE_SOURCE;
				MTL_FAST_MATH = YES;
				ONLY_ACTIVE_ARCH = YES;
				SDKROOT = iphoneos;
				SWIFT_ACTIVE_COMPILATION_CONDITIONS = DEBUG;
				SWIFT_OPTIMIZATION_LEVEL = "-Onone";
			};
			name = Debug;
		};
		69063DE424636A5F00136732 /* Release */ = {
			isa = XCBuildConfiguration;
			buildSettings = {
				ALWAYS_SEARCH_USER_PATHS = NO;
				CLANG_ANALYZER_NONNULL = YES;
				CLANG_ANALYZER_NUMBER_OBJECT_CONVERSION = YES_AGGRESSIVE;
				CLANG_CXX_LANGUAGE_STANDARD = "gnu++14";
				CLANG_CXX_LIBRARY = "libc++";
				CLANG_ENABLE_MODULES = YES;
				CLANG_ENABLE_OBJC_ARC = YES;
				CLANG_ENABLE_OBJC_WEAK = YES;
				CLANG_WARN_BLOCK_CAPTURE_AUTORELEASING = YES;
				CLANG_WARN_BOOL_CONVERSION = YES;
				CLANG_WARN_COMMA = YES;
				CLANG_WARN_CONSTANT_CONVERSION = YES;
				CLANG_WARN_DEPRECATED_OBJC_IMPLEMENTATIONS = YES;
				CLANG_WARN_DIRECT_OBJC_ISA_USAGE = YES_ERROR;
				CLANG_WARN_DOCUMENTATION_COMMENTS = YES;
				CLANG_WARN_EMPTY_BODY = YES;
				CLANG_WARN_ENUM_CONVERSION = YES;
				CLANG_WARN_INFINITE_RECURSION = YES;
				CLANG_WARN_INT_CONVERSION = YES;
				CLANG_WARN_NON_LITERAL_NULL_CONVERSION = YES;
				CLANG_WARN_OBJC_IMPLICIT_RETAIN_SELF = YES;
				CLANG_WARN_OBJC_LITERAL_CONVERSION = YES;
				CLANG_WARN_OBJC_ROOT_CLASS = YES_ERROR;
				CLANG_WARN_RANGE_LOOP_ANALYSIS = YES;
				CLANG_WARN_STRICT_PROTOTYPES = YES;
				CLANG_WARN_SUSPICIOUS_MOVE = YES;
				CLANG_WARN_UNGUARDED_AVAILABILITY = YES_AGGRESSIVE;
				CLANG_WARN_UNREACHABLE_CODE = YES;
				CLANG_WARN__DUPLICATE_METHOD_MATCH = YES;
				COPY_PHASE_STRIP = NO;
				DEBUG_INFORMATION_FORMAT = "dwarf-with-dsym";
				ENABLE_NS_ASSERTIONS = NO;
				ENABLE_STRICT_OBJC_MSGSEND = YES;
				GCC_C_LANGUAGE_STANDARD = gnu11;
				GCC_NO_COMMON_BLOCKS = YES;
				GCC_WARN_64_TO_32_BIT_CONVERSION = YES;
				GCC_WARN_ABOUT_RETURN_TYPE = YES_ERROR;
				GCC_WARN_UNDECLARED_SELECTOR = YES;
				GCC_WARN_UNINITIALIZED_AUTOS = YES_AGGRESSIVE;
				GCC_WARN_UNUSED_FUNCTION = YES;
				GCC_WARN_UNUSED_VARIABLE = YES;
				IPHONEOS_DEPLOYMENT_TARGET = 13.4;
				MTL_ENABLE_DEBUG_INFO = NO;
				MTL_FAST_MATH = YES;
				SDKROOT = iphoneos;
				SWIFT_COMPILATION_MODE = wholemodule;
				SWIFT_OPTIMIZATION_LEVEL = "-O";
				VALIDATE_PRODUCT = YES;
			};
			name = Release;
		};
		69063DE624636A5F00136732 /* Debug */ = {
			isa = XCBuildConfiguration;
			buildSettings = {
				ASSETCATALOG_COMPILER_APPICON_NAME = AppIcon;
				CODE_SIGN_STYLE = Automatic;
				DEVELOPMENT_TEAM = 986L97L7J3;
				INFOPLIST_FILE = WhatsToEat/Info.plist;
				LD_RUNPATH_SEARCH_PATHS = (
					"$(inherited)",
					"@executable_path/Frameworks",
				);
				PRODUCT_BUNDLE_IDENTIFIER = com.JayGabriel.WhatsToEat;
				PRODUCT_NAME = "$(TARGET_NAME)";
				SWIFT_VERSION = 5.0;
				TARGETED_DEVICE_FAMILY = "1,2";
			};
			name = Debug;
		};
		69063DE724636A5F00136732 /* Release */ = {
			isa = XCBuildConfiguration;
			buildSettings = {
				ASSETCATALOG_COMPILER_APPICON_NAME = AppIcon;
				CODE_SIGN_STYLE = Automatic;
				DEVELOPMENT_TEAM = 986L97L7J3;
				INFOPLIST_FILE = WhatsToEat/Info.plist;
				LD_RUNPATH_SEARCH_PATHS = (
					"$(inherited)",
					"@executable_path/Frameworks",
				);
				PRODUCT_BUNDLE_IDENTIFIER = com.JayGabriel.WhatsToEat;
				PRODUCT_NAME = "$(TARGET_NAME)";
				SWIFT_VERSION = 5.0;
				TARGETED_DEVICE_FAMILY = "1,2";
			};
			name = Release;
		};
		69063DE924636A5F00136732 /* Debug */ = {
			isa = XCBuildConfiguration;
			buildSettings = {
				ALWAYS_EMBED_SWIFT_STANDARD_LIBRARIES = YES;
				BUNDLE_LOADER = "$(TEST_HOST)";
				CODE_SIGN_STYLE = Automatic;
				DEVELOPMENT_TEAM = 986L97L7J3;
				INFOPLIST_FILE = WhatsToEatTests/Info.plist;
				IPHONEOS_DEPLOYMENT_TARGET = 13.4;
				LD_RUNPATH_SEARCH_PATHS = (
					"$(inherited)",
					"@executable_path/Frameworks",
					"@loader_path/Frameworks",
				);
				PRODUCT_BUNDLE_IDENTIFIER = com.JayGabriel.WhatsToEatTests;
				PRODUCT_NAME = "$(TARGET_NAME)";
				SWIFT_VERSION = 5.0;
				TARGETED_DEVICE_FAMILY = "1,2";
				TEST_HOST = "$(BUILT_PRODUCTS_DIR)/WhatsToEat.app/WhatsToEat";
			};
			name = Debug;
		};
		69063DEA24636A5F00136732 /* Release */ = {
			isa = XCBuildConfiguration;
			buildSettings = {
				ALWAYS_EMBED_SWIFT_STANDARD_LIBRARIES = YES;
				BUNDLE_LOADER = "$(TEST_HOST)";
				CODE_SIGN_STYLE = Automatic;
				DEVELOPMENT_TEAM = 986L97L7J3;
				INFOPLIST_FILE = WhatsToEatTests/Info.plist;
				IPHONEOS_DEPLOYMENT_TARGET = 13.4;
				LD_RUNPATH_SEARCH_PATHS = (
					"$(inherited)",
					"@executable_path/Frameworks",
					"@loader_path/Frameworks",
				);
				PRODUCT_BUNDLE_IDENTIFIER = com.JayGabriel.WhatsToEatTests;
				PRODUCT_NAME = "$(TARGET_NAME)";
				SWIFT_VERSION = 5.0;
				TARGETED_DEVICE_FAMILY = "1,2";
				TEST_HOST = "$(BUILT_PRODUCTS_DIR)/WhatsToEat.app/WhatsToEat";
			};
			name = Release;
		};
		69063DEC24636A5F00136732 /* Debug */ = {
			isa = XCBuildConfiguration;
			buildSettings = {
				ALWAYS_EMBED_SWIFT_STANDARD_LIBRARIES = YES;
				CODE_SIGN_STYLE = Automatic;
				DEVELOPMENT_TEAM = 986L97L7J3;
				INFOPLIST_FILE = WhatsToEatUITests/Info.plist;
				LD_RUNPATH_SEARCH_PATHS = (
					"$(inherited)",
					"@executable_path/Frameworks",
					"@loader_path/Frameworks",
				);
				PRODUCT_BUNDLE_IDENTIFIER = com.JayGabriel.WhatsToEatUITests;
				PRODUCT_NAME = "$(TARGET_NAME)";
				SWIFT_VERSION = 5.0;
				TARGETED_DEVICE_FAMILY = "1,2";
				TEST_TARGET_NAME = WhatsToEat;
			};
			name = Debug;
		};
		69063DED24636A5F00136732 /* Release */ = {
			isa = XCBuildConfiguration;
			buildSettings = {
				ALWAYS_EMBED_SWIFT_STANDARD_LIBRARIES = YES;
				CODE_SIGN_STYLE = Automatic;
				DEVELOPMENT_TEAM = 986L97L7J3;
				INFOPLIST_FILE = WhatsToEatUITests/Info.plist;
				LD_RUNPATH_SEARCH_PATHS = (
					"$(inherited)",
					"@executable_path/Frameworks",
					"@loader_path/Frameworks",
				);
				PRODUCT_BUNDLE_IDENTIFIER = com.JayGabriel.WhatsToEatUITests;
				PRODUCT_NAME = "$(TARGET_NAME)";
				SWIFT_VERSION = 5.0;
				TARGETED_DEVICE_FAMILY = "1,2";
				TEST_TARGET_NAME = WhatsToEat;
			};
			name = Release;
		};
/* End XCBuildConfiguration section */

/* Begin XCConfigurationList section */
		69063DB324636A5A00136732 /* Build configuration list for PBXProject "WhatsToEat" */ = {
			isa = XCConfigurationList;
			buildConfigurations = (
				69063DE324636A5F00136732 /* Debug */,
				69063DE424636A5F00136732 /* Release */,
			);
			defaultConfigurationIsVisible = 0;
			defaultConfigurationName = Release;
		};
		69063DE524636A5F00136732 /* Build configuration list for PBXNativeTarget "WhatsToEat" */ = {
			isa = XCConfigurationList;
			buildConfigurations = (
				69063DE624636A5F00136732 /* Debug */,
				69063DE724636A5F00136732 /* Release */,
			);
			defaultConfigurationIsVisible = 0;
			defaultConfigurationName = Release;
		};
		69063DE824636A5F00136732 /* Build configuration list for PBXNativeTarget "WhatsToEatTests" */ = {
			isa = XCConfigurationList;
			buildConfigurations = (
				69063DE924636A5F00136732 /* Debug */,
				69063DEA24636A5F00136732 /* Release */,
			);
			defaultConfigurationIsVisible = 0;
			defaultConfigurationName = Release;
		};
		69063DEB24636A5F00136732 /* Build configuration list for PBXNativeTarget "WhatsToEatUITests" */ = {
			isa = XCConfigurationList;
			buildConfigurations = (
				69063DEC24636A5F00136732 /* Debug */,
				69063DED24636A5F00136732 /* Release */,
			);
			defaultConfigurationIsVisible = 0;
			defaultConfigurationName = Release;
		};
/* End XCConfigurationList section */

/* Begin XCVersionGroup section */
		69063DC424636A5A00136732 /* WhatsToEat.xcdatamodeld */ = {
			isa = XCVersionGroup;
			children = (
				69063DC524636A5A00136732 /* WhatsToEat.xcdatamodel */,
			);
			currentVersion = 69063DC524636A5A00136732 /* WhatsToEat.xcdatamodel */;
			path = WhatsToEat.xcdatamodeld;
			sourceTree = "<group>";
			versionGroupType = wrapper.xcdatamodel;
		};
/* End XCVersionGroup section */
	};
	rootObject = 69063DB024636A5A00136732 /* Project object */;
}
